
Microsoft Visual Studio Solution File, Format Version 12.00
# Visual Studio 15
VisualStudioVersion = 15.0.28307.271
MinimumVisualStudioVersion = 10.0.40219.1
Project("{FAE04EC0-301F-11D3-BF4B-00C04F79EFBC}") = "UserMaintenance", "UserMaintenance\UserMaintenance.csproj", "{404E9DC4-9903-41FA-8B45-428D5CC84677}"
EndProject
Global
	GlobalSection(SolutionConfigurationPlatforms) = preSolution
		Debug|Any CPU = Debug|Any CPU
		Release|Any CPU = Release|Any CPU
	EndGlobalSection
	GlobalSection(ProjectConfigurationPlatforms) = postSolution
		{404E9DC4-9903-41FA-8B45-428D5CC84677}.Debug|Any CPU.ActiveCfg = Debug|Any CPU
		{404E9DC4-9903-41FA-8B45-428D5CC84677}.Debug|Any CPU.Build.0 = Debug|Any CPU
		{404E9DC4-9903-41FA-8B45-428D5CC84677}.Release|Any CPU.ActiveCfg = Release|Any CPU
		{404E9DC4-9903-41FA-8B45-428D5CC84677}.Release|Any CPU.Build.0 = Release|Any CPU
	EndGlobalSection
	GlobalSection(SolutionProperties) = preSolution
		HideSolutionNode = FALSE
	EndGlobalSection
	GlobalSection(ExtensibilityGlobals) = postSolution
		SolutionGuid = {2444417B-8801-4E96-A634-8958AE3BD0D5}
	EndGlobalSection
EndGlobal
